
Microsoft Visual Studio Solution File, Format Version 12.00
# Visual Studio 2012
Project("{FAE04EC0-301F-11D3-BF4B-00C04F79EFBC}") = "Metrics", "Metrics\Metrics.csproj", "{00725634-E770-4A71-8D5C-0956AB4A363E}"
EndProject
Project("{FAE04EC0-301F-11D3-BF4B-00C04F79EFBC}") = "Metrics.Core", "Metrics.Core\Metrics.Core.csproj", "{7C472216-91A4-4302-AC88-E93C7AD9E0C9}"
EndProject
Global
	GlobalSection(SolutionConfigurationPlatforms) = preSolution
		Debug|Any CPU = Debug|Any CPU
		Release|Any CPU = Release|Any CPU
	EndGlobalSection
	GlobalSection(ProjectConfigurationPlatforms) = postSolution
		{00725634-E770-4A71-8D5C-0956AB4A363E}.Debug|Any CPU.ActiveCfg = Debug|Any CPU
		{00725634-E770-4A71-8D5C-0956AB4A363E}.Debug|Any CPU.Build.0 = Debug|Any CPU
		{00725634-E770-4A71-8D5C-0956AB4A363E}.Release|Any CPU.ActiveCfg = Release|Any CPU
		{00725634-E770-4A71-8D5C-0956AB4A363E}.Release|Any CPU.Build.0 = Release|Any CPU
		{7C472216-91A4-4302-AC88-E93C7AD9E0C9}.Debug|Any CPU.ActiveCfg = Debug|Any CPU
		{7C472216-91A4-4302-AC88-E93C7AD9E0C9}.Debug|Any CPU.Build.0 = Debug|Any CPU
		{7C472216-91A4-4302-AC88-E93C7AD9E0C9}.Release|Any CPU.ActiveCfg = Release|Any CPU
		{7C472216-91A4-4302-AC88-E93C7AD9E0C9}.Release|Any CPU.Build.0 = Release|Any CPU
	EndGlobalSection
	GlobalSection(SolutionProperties) = preSolution
		HideSolutionNode = FALSE
	EndGlobalSection
EndGlobal
